PODS:
  - AEXML (2.1.0)
  - Alamofire (3.2.1)
  - AppInvites (1.0.2):
    - GoogleInterchangeUtilities (~> 1.0)
    - GooglePlusUtilities (~> 1.0)
    - GPPCore (~> 1.8)
  - CryptoSwift (0.2.3)
  - Google/AppInvite (1.0.7):
    - AppInvites (~> 1.0)
    - Google/Core
    - Google/SignIn
  - Google/Core (1.0.7):
    - GoogleNetworkingUtilities (~> 1.0)
    - GoogleSymbolUtilities (~> 1.0)
    - GoogleUtilities (~> 1.0)
  - Google/SignIn (1.0.7):
    - Google/Core
    - GoogleSignIn (~> 2.0)
  - GoogleAppUtilities (1.0.0):
    - GoogleSymbolUtilities (~> 1.0)
  - GoogleAuthUtilities (1.0.1):
    - GoogleNetworkingUtilities (~> 1.0)
    - GoogleSymbolUtilities (~> 1.0)
  - GoogleInterchangeUtilities (1.1.0):
    - GoogleSymbolUtilities (~> 1.0)
  - GoogleNetworkingUtilities (1.0.0):
    - GoogleSymbolUtilities (~> 1.0)
  - GoogleParsingUtilities (1.0.0):
    - GoogleNetworkingUtilities (~> 1.0)
    - GoogleSymbolUtilities (~> 1.0)
  - GooglePlusUtilities (1.0.0):
    - GoogleParsingUtilities (~> 1.0)
    - GoogleSymbolUtilities (~> 1.0)
  - GoogleSignIn (2.4.0):
    - GoogleAppUtilities (~> 1.0)
    - GoogleAuthUtilities (~> 1.0)
    - GoogleNetworkingUtilities (~> 1.0)
    - GoogleUtilities (~> 1.0)
  - GoogleSymbolUtilities (1.0.3)
  - GoogleUtilities (1.1.0):
    - GoogleSymbolUtilities (~> 1.0.0)
  - GPPCore (1.8.1):
    - GoogleAppUtilities (~> 1.0)
    - GoogleAuthUtilities (~> 1.0)
    - GoogleParsingUtilities (~> 1.0)
    - GoogleSignIn (~> 2)
    - GoogleUtilities (~> 1.0)
  - SpringIndicator (1.2.1)
  - SwiftyJSON (2.3.2)

DEPENDENCIES:
  - AEXML
  - Alamofire (~> 3.0)
  - CryptoSwift
  - Google/AppInvite (~> 1.0.2)
  - Google/SignIn
  - SpringIndicator
  - SwiftyJSON (~> 2.3.0)

SPEC CHECKSUMS:
  AEXML: 0e2f657fdc67e17905682a06d55583a863d80803
  Alamofire: f11d8624a05f5d39e0c99309b3e600a3ba64298a
  AppInvites: d2852d42e22714a67decc8e5809c8c63cc7b8b8f
  CryptoSwift: b2bf37b8e7cc6d682ef3365cb966bc5ae5174aa5
  Google: 875f5a8ade86dd02e36586e4a54814843938c7f6
  GoogleAppUtilities: c01c6a5671e9da8b9d690fdaec5959d6c2aac699
  GoogleAuthUtilities: 049ffd3a297cdffd271451b82fd4e75304f15ef3
  GoogleInterchangeUtilities: d7f7174176fbcf9710f696f1acebad4dbd98ac03
  GoogleNetworkingUtilities: 292992ab31b7b4ba32809a0e8b40e324cdfb2c0c
  GoogleParsingUtilities: 9158b059542c2314294cda34fb0384d80456e030
  GooglePlusUtilities: 380340708aa89c1743735273b293d11db5524f6a
  GoogleSignIn: 79929b51e6299c69f1197bbd9c7a1367d523ecd8
  GoogleSymbolUtilities: 82ad9f93d3615244b3f4ce440f5ab2515e8b4f56
  GoogleUtilities: 8ed9134debe11719097881711464752900668f10
  GPPCore: 228fdd19eba0e83cba6817004f0d6431d8396d64
  SpringIndicator: 2e66169e2595c00cc3ab34329d6bdbeab90680f0
  SwiftyJSON: 04ccea08915aa0109039157c7974cf0298da292a

COCOAPODS: 0.38.2
